
Microsoft Visual Studio Solution File, Format Version 12.00
# Visual Studio Version 16
VisualStudioVersion = 16.0.28803.352
MinimumVisualStudioVersion = 10.0.40219.1
Project("{FAE04EC0-301F-11D3-BF4B-00C04F79EFBC}") = "WhoIsAppTo_server", "WhoIsAppTo_server\WhoIsAppTo_server.csproj", "{B489B1D4-D18F-434F-8D2D-B795E01C036F}"
EndProject
Global
	GlobalSection(SolutionConfigurationPlatforms) = preSolution
		Debug|Any CPU = Debug|Any CPU
		Release|Any CPU = Release|Any CPU
	EndGlobalSection
	GlobalSection(ProjectConfigurationPlatforms) = postSolution
		{B489B1D4-D18F-434F-8D2D-B795E01C036F}.Debug|Any CPU.ActiveCfg = Debug|Any CPU
		{B489B1D4-D18F-434F-8D2D-B795E01C036F}.Debug|Any CPU.Build.0 = Debug|Any CPU
		{B489B1D4-D18F-434F-8D2D-B795E01C036F}.Release|Any CPU.ActiveCfg = Release|Any CPU
		{B489B1D4-D18F-434F-8D2D-B795E01C036F}.Release|Any CPU.Build.0 = Release|Any CPU
	EndGlobalSection
	GlobalSection(SolutionProperties) = preSolution
		HideSolutionNode = FALSE
	EndGlobalSection
	GlobalSection(ExtensibilityGlobals) = postSolution
		SolutionGuid = {A64487AB-92CC-4832-AABA-A16D4A23528D}
	EndGlobalSection
EndGlobal
